
Microsoft Visual Studio Solution File, Format Version 12.00
Project("{2150E333-8FDC-42A3-9474-1A3956D46DE8}") = "Solution Items", "Solution Items", "{35AD4129-2404-4D7A-95AE-82CB8BF539AE}"
	ProjectSection(SolutionItems) = preProject
		ARGON2_LICENSE.txt = ARGON2_LICENSE.txt
		LICENSE = LICENSE
		README.md = README.md
	EndProjectSection
EndProject
Project("{2150E333-8FDC-42A3-9474-1A3956D46DE8}") = "docs", "docs", "{ACAD56DF-AFFD-47AB-9439-A1F4B0B6F377}"
	ProjectSection(SolutionItems) = preProject
		docs\CompilingArgon2Source.md = docs\CompilingArgon2Source.md
		docs\BuildingAndRunningProject.md = docs\BuildingAndRunningProject.md
	EndProjectSection
EndProject
Project("{2150E333-8FDC-42A3-9474-1A3956D46DE8}") = "src", "src", "{5B9B4FE8-B378-47FA-A610-D1CD4C5EBB93}"
EndProject
Project("{FAE04EC0-301F-11D3-BF4B-00C04F79EFBC}") = "Argon2Bindings", "src\Argon2Bindings\Argon2Bindings.csproj", "{C8000D19-71FC-4091-9550-5CCD79909CE9}"
EndProject
Project("{FAE04EC0-301F-11D3-BF4B-00C04F79EFBC}") = "Argon2BindingsConsole", "src\Argon2BindingsConsole\Argon2BindingsConsole.csproj", "{0EB83D7F-A0CF-494E-AEE6-E1FB6932A919}"
EndProject
Project("{2150E333-8FDC-42A3-9474-1A3956D46DE8}") = "tests", "tests", "{39745D41-74B0-46EE-91B1-EE849AF09786}"
EndProject
Project("{FAE04EC0-301F-11D3-BF4B-00C04F79EFBC}") = "Argon2BindingsTests", "tests\Argon2BindingsTests\Argon2BindingsTests.csproj", "{5E98D2DA-BFE3-484A-8402-6FCA69CAB998}"
EndProject
Project("{2150E333-8FDC-42A3-9474-1A3956D46DE8}") = "Argon2BindingsAutomation", "Argon2BindingsAutomation", "{9D296329-56E9-44BE-B805-113CCD857550}"
	ProjectSection(SolutionItems) = preProject
		src\Argon2BindingsAutomation\Dockerfile.linux = src\Argon2BindingsAutomation\Dockerfile.linux
		src\Argon2BindingsAutomation\build.sh = src\Argon2BindingsAutomation\build.sh
	EndProjectSection
EndProject
Global
	GlobalSection(SolutionConfigurationPlatforms) = preSolution
		Debug|Any CPU = Debug|Any CPU
		Release|Any CPU = Release|Any CPU
	EndGlobalSection
	GlobalSection(ProjectConfigurationPlatforms) = postSolution
		{C8000D19-71FC-4091-9550-5CCD79909CE9}.Debug|Any CPU.ActiveCfg = Debug|Any CPU
		{C8000D19-71FC-4091-9550-5CCD79909CE9}.Debug|Any CPU.Build.0 = Debug|Any CPU
		{C8000D19-71FC-4091-9550-5CCD79909CE9}.Release|Any CPU.ActiveCfg = Release|Any CPU
		{C8000D19-71FC-4091-9550-5CCD79909CE9}.Release|Any CPU.Build.0 = Release|Any CPU
		{0EB83D7F-A0CF-494E-AEE6-E1FB6932A919}.Debug|Any CPU.ActiveCfg = Debug|Any CPU
		{0EB83D7F-A0CF-494E-AEE6-E1FB6932A919}.Debug|Any CPU.Build.0 = Debug|Any CPU
		{0EB83D7F-A0CF-494E-AEE6-E1FB6932A919}.Release|Any CPU.ActiveCfg = Release|Any CPU
		{0EB83D7F-A0CF-494E-AEE6-E1FB6932A919}.Release|Any CPU.Build.0 = Release|Any CPU
		{5E98D2DA-BFE3-484A-8402-6FCA69CAB998}.Debug|Any CPU.ActiveCfg = Debug|Any CPU
		{5E98D2DA-BFE3-484A-8402-6FCA69CAB998}.Debug|Any CPU.Build.0 = Debug|Any CPU
		{5E98D2DA-BFE3-484A-8402-6FCA69CAB998}.Release|Any CPU.ActiveCfg = Release|Any CPU
		{5E98D2DA-BFE3-484A-8402-6FCA69CAB998}.Release|Any CPU.Build.0 = Release|Any CPU
	EndGlobalSection
	GlobalSection(NestedProjects) = preSolution
		{C8000D19-71FC-4091-9550-5CCD79909CE9} = {5B9B4FE8-B378-47FA-A610-D1CD4C5EBB93}
		{0EB83D7F-A0CF-494E-AEE6-E1FB6932A919} = {5B9B4FE8-B378-47FA-A610-D1CD4C5EBB93}
		{5E98D2DA-BFE3-484A-8402-6FCA69CAB998} = {39745D41-74B0-46EE-91B1-EE849AF09786}
		{9D296329-56E9-44BE-B805-113CCD857550} = {5B9B4FE8-B378-47FA-A610-D1CD4C5EBB93}
	EndGlobalSection
EndGlobal
